// !$*UTF8*$!
{
	archiveVersion = 1;
	classes = {
	};
	objectVersion = 56;
	objects = {

/* Begin PBXBuildFile section */
		EB7E707A2BE3977400AF65F0 /* SPMsAndSDKsApp.swift in Sources */ = {isa = PBXBuildFile; fileRef = EB7E70792BE3977400AF65F0 /* SPMsAndSDKsApp.swift */; };
		EB7E707E2BE3977500AF65F0 /* Assets.xcassets in Resources */ = {isa = PBXBuildFile; fileRef = EB7E707D2BE3977500AF65F0 /* Assets.xcassets */; };
		EB7E70812BE3977500AF65F0 /* Preview Assets.xcassets in Resources */ = {isa = PBXBuildFile; fileRef = EB7E70802BE3977500AF65F0 /* Preview Assets.xcassets */; };
		EB935BCB2BECAA0500A819F7 /* SwiftfulUIBootcamp.swift in Sources */ = {isa = PBXBuildFile; fileRef = EB935BCA2BECAA0500A819F7 /* SwiftfulUIBootcamp.swift */; };
		EB935BCE2BECAA2200A819F7 /* SwiftfulUI in Frameworks */ = {isa = PBXBuildFile; productRef = EB935BCD2BECAA2200A819F7 /* SwiftfulUI */; };
		EBC692712BEBAD6E005570AB /* KeychainSwiftBootcamp.swift in Sources */ = {isa = PBXBuildFile; fileRef = EBC692702BEBAD6E005570AB /* KeychainSwiftBootcamp.swift */; };
		EBC692742BEBB170005570AB /* KeychainSwift in Frameworks */ = {isa = PBXBuildFile; productRef = EBC692732BEBB170005570AB /* KeychainSwift */; };
		EBF1655C2BE3D88200683D28 /* ImageLoader.swift in Sources */ = {isa = PBXBuildFile; fileRef = EBF1655B2BE3D88200683D28 /* ImageLoader.swift */; };
		EBF1655F2BE3D93200683D28 /* Kingfisher in Frameworks */ = {isa = PBXBuildFile; productRef = EBF1655E2BE3D93200683D28 /* Kingfisher */; };
		EBF165612BE3D95800683D28 /* KingfisherBootcamp.swift in Sources */ = {isa = PBXBuildFile; fileRef = EBF165602BE3D95800683D28 /* KingfisherBootcamp.swift */; };
		EBF165632BE3D9DD00683D28 /* ImageLoadingView.swift in Sources */ = {isa = PBXBuildFile; fileRef = EBF165622BE3D9DD00683D28 /* ImageLoadingView.swift */; };
		EBFCE6942BE39C3E0064E2C1 /* SDWebImageSwiftUI in Frameworks */ = {isa = PBXBuildFile; productRef = EBFCE6932BE39C3E0064E2C1 /* SDWebImageSwiftUI */; };
		EBFCE6992BE3AD2A0064E2C1 /* SDWebImageBootcamp.swift in Sources */ = {isa = PBXBuildFile; fileRef = EBFCE6982BE3AD2A0064E2C1 /* SDWebImageBootcamp.swift */; };
		EBFCE69B2BE3AF870064E2C1 /* ImagePrefetcher.swift in Sources */ = {isa = PBXBuildFile; fileRef = EBFCE69A2BE3AF870064E2C1 /* ImagePrefetcher.swift */; };
/* End PBXBuildFile section */

/* Begin PBXFileReference section */
		EB7E70762BE3977400AF65F0 /* SPMsAndSDKs.app */ = {isa = PBXFileReference; explicitFileType = wrapper.application; includeInIndex = 0; path = SPMsAndSDKs.app; sourceTree = BUILT_PRODUCTS_DIR; };
		EB7E70792BE3977400AF65F0 /* SPMsAndSDKsApp.swift */ = {isa = PBXFileReference; lastKnownFileType = sourcecode.swift; path = SPMsAndSDKsApp.swift; sourceTree = "<group>"; };
		EB7E707D2BE3977500AF65F0 /* Assets.xcassets */ = {isa = PBXFileReference; lastKnownFileType = folder.assetcatalog; path = Assets.xcassets; sourceTree = "<group>"; };
		EB7E70802BE3977500AF65F0 /* Preview Assets.xcassets */ = {isa = PBXFileReference; lastKnownFileType = folder.assetcatalog; path = "Preview Assets.xcassets"; sourceTree = "<group>"; };
		EB935BCA2BECAA0500A819F7 /* SwiftfulUIBootcamp.swift */ = {isa = PBXFileReference; lastKnownFileType = sourcecode.swift; path = SwiftfulUIBootcamp.swift; sourceTree = "<group>"; };
		EBC692702BEBAD6E005570AB /* KeychainSwiftBootcamp.swift */ = {isa = PBXFileReference; lastKnownFileType = sourcecode.swift; path = KeychainSwiftBootcamp.swift; sourceTree = "<group>"; };
		EBF1655B2BE3D88200683D28 /* ImageLoader.swift */ = {isa = PBXFileReference; lastKnownFileType = sourcecode.swift; path = ImageLoader.swift; sourceTree = "<group>"; };
		EBF165602BE3D95800683D28 /* KingfisherBootcamp.swift */ = {isa = PBXFileReference; lastKnownFileType = sourcecode.swift; path = KingfisherBootcamp.swift; sourceTree = "<group>"; };
		EBF165622BE3D9DD00683D28 /* ImageLoadingView.swift */ = {isa = PBXFileReference; lastKnownFileType = sourcecode.swift; path = ImageLoadingView.swift; sourceTree = "<group>"; };
		EBFCE6982BE3AD2A0064E2C1 /* SDWebImageBootcamp.swift */ = {isa = PBXFileReference; lastKnownFileType = sourcecode.swift; path = SDWebImageBootcamp.swift; sourceTree = "<group>"; };
		EBFCE69A2BE3AF870064E2C1 /* ImagePrefetcher.swift */ = {isa = PBXFileReference; lastKnownFileType = sourcecode.swift; path = ImagePrefetcher.swift; sourceTree = "<group>"; };
/* End PBXFileReference section */

/* Begin PBXFrameworksBuildPhase section */
		EB7E70732BE3977400AF65F0 /* Frameworks */ = {
			isa = PBXFrameworksBuildPhase;
			buildActionMask = 2147483647;
			files = (
				EB935BCE2BECAA2200A819F7 /* SwiftfulUI in Frameworks */,
				EBC692742BEBB170005570AB /* KeychainSwift in Frameworks */,
				EBF1655F2BE3D93200683D28 /* Kingfisher in Frameworks */,
				EBFCE6942BE39C3E0064E2C1 /* SDWebImageSwiftUI in Frameworks */,
			);
			runOnlyForDeploymentPostprocessing = 0;
		};
/* End PBXFrameworksBuildPhase section */

/* Begin PBXGroup section */
		EB7E706D2BE3977400AF65F0 = {
			isa = PBXGroup;
			children = (
				EB7E70782BE3977400AF65F0 /* SPMsAndSDKs */,
				EB7E70772BE3977400AF65F0 /* Products */,
			);
			sourceTree = "<group>";
		};
		EB7E70772BE3977400AF65F0 /* Products */ = {
			isa = PBXGroup;
			children = (
				EB7E70762BE3977400AF65F0 /* SPMsAndSDKs.app */,
			);
			name = Products;
			sourceTree = "<group>";
		};
		EB7E70782BE3977400AF65F0 /* SPMsAndSDKs */ = {
			isa = PBXGroup;
			children = (
				EB7E70792BE3977400AF65F0 /* SPMsAndSDKsApp.swift */,
				EBFCE6972BE3ACF30064E2C1 /* ImageLoading */,
				EBC6926F2BEBAD4E005570AB /* Keychains */,
				EB935BC92BECA58500A819F7 /* UIHelpers */,
				EB7E707D2BE3977500AF65F0 /* Assets.xcassets */,
				EB7E707F2BE3977500AF65F0 /* Preview Content */,
			);
			path = SPMsAndSDKs;
			sourceTree = "<group>";
		};
		EB7E707F2BE3977500AF65F0 /* Preview Content */ = {
			isa = PBXGroup;
			children = (
				EB7E70802BE3977500AF65F0 /* Preview Assets.xcassets */,
			);
			path = "Preview Content";
			sourceTree = "<group>";
		};
		EB935BC92BECA58500A819F7 /* UIHelpers */ = {
			isa = PBXGroup;
			children = (
				EB935BCA2BECAA0500A819F7 /* SwiftfulUIBootcamp.swift */,
			);
			path = UIHelpers;
			sourceTree = "<group>";
		};
		EBC6926F2BEBAD4E005570AB /* Keychains */ = {
			isa = PBXGroup;
			children = (
				EBC692702BEBAD6E005570AB /* KeychainSwiftBootcamp.swift */,
			);
			path = Keychains;
			sourceTree = "<group>";
		};
		EBFCE6972BE3ACF30064E2C1 /* ImageLoading */ = {
			isa = PBXGroup;
			children = (
				EBF165622BE3D9DD00683D28 /* ImageLoadingView.swift */,
				EBFCE69C2BE3CEAF0064E2C1 /* Generic */,
				EBFCE69D2BE3CEB70064E2C1 /* SPMs */,
			);
			path = ImageLoading;
			sourceTree = "<group>";
		};
		EBFCE69C2BE3CEAF0064E2C1 /* Generic */ = {
			isa = PBXGroup;
			children = (
				EBF1655B2BE3D88200683D28 /* ImageLoader.swift */,
				EBFCE69A2BE3AF870064E2C1 /* ImagePrefetcher.swift */,
			);
			path = Generic;
			sourceTree = "<group>";
		};
		EBFCE69D2BE3CEB70064E2C1 /* SPMs */ = {
			isa = PBXGroup;
			children = (
				EBFCE6982BE3AD2A0064E2C1 /* SDWebImageBootcamp.swift */,
				EBF165602BE3D95800683D28 /* KingfisherBootcamp.swift */,
			);
			path = SPMs;
			sourceTree = "<group>";
		};
/* End PBXGroup section */

/* Begin PBXNativeTarget section */
		EB7E70752BE3977400AF65F0 /* SPMsAndSDKs */ = {
			isa = PBXNativeTarget;
			buildConfigurationList = EB7E70842BE3977500AF65F0 /* Build configuration list for PBXNativeTarget "SPMsAndSDKs" */;
			buildPhases = (
				EB7E70722BE3977400AF65F0 /* Sources */,
				EB7E70732BE3977400AF65F0 /* Frameworks */,
				EB7E70742BE3977400AF65F0 /* Resources */,
			);
			buildRules = (
			);
			dependencies = (
			);
			name = SPMsAndSDKs;
			packageProductDependencies = (
				EBFCE6932BE39C3E0064E2C1 /* SDWebImageSwiftUI */,
				EBF1655E2BE3D93200683D28 /* Kingfisher */,
				EBC692732BEBB170005570AB /* KeychainSwift */,
				EB935BCD2BECAA2200A819F7 /* SwiftfulUI */,
			);
			productName = SPMsAndSDKs;
			productReference = EB7E70762BE3977400AF65F0 /* SPMsAndSDKs.app */;
			productType = "com.apple.product-type.application";
		};
/* End PBXNativeTarget section */

/* Begin PBXProject section */
		EB7E706E2BE3977400AF65F0 /* Project object */ = {
			isa = PBXProject;
			attributes = {
				BuildIndependentTargetsInParallel = 1;
				LastSwiftUpdateCheck = 1530;
				LastUpgradeCheck = 1530;
				TargetAttributes = {
					EB7E70752BE3977400AF65F0 = {
						CreatedOnToolsVersion = 15.3;
					};
				};
			};
			buildConfigurationList = EB7E70712BE3977400AF65F0 /* Build configuration list for PBXProject "SPMsAndSDKs" */;
			compatibilityVersion = "Xcode 14.0";
			developmentRegion = en;
			hasScannedForEncodings = 0;
			knownRegions = (
				en,
				Base,
			);
			mainGroup = EB7E706D2BE3977400AF65F0;
			packageReferences = (
				EBFCE6922BE39C3E0064E2C1 /* XCRemoteSwiftPackageReference "SDWebImageSwiftUI" */,
				EBF1655D2BE3D93200683D28 /* XCRemoteSwiftPackageReference "Kingfisher" */,
				EBC692722BEBB170005570AB /* XCRemoteSwiftPackageReference "keychain-swift" */,
				EB935BCC2BECAA2200A819F7 /* XCRemoteSwiftPackageReference "SwiftfulUI" */,
			);
			productRefGroup = EB7E70772BE3977400AF65F0 /* Products */;
			projectDirPath = "";
			projectRoot = "";
			targets = (
				EB7E70752BE3977400AF65F0 /* SPMsAndSDKs */,
			);
		};
/* End PBXProject section */

/* Begin PBXResourcesBuildPhase section */
		EB7E70742BE3977400AF65F0 /* Resources */ = {
			isa = PBXResourcesBuildPhase;
			buildActionMask = 2147483647;
			files = (
				EB7E70812BE3977500AF65F0 /* Preview Assets.xcassets in Resources */,
				EB7E707E2BE3977500AF65F0 /* Assets.xcassets in Resources */,
			);
			runOnlyForDeploymentPostprocessing = 0;
		};
/* End PBXResourcesBuildPhase section */

/* Begin PBXSourcesBuildPhase section */
		EB7E70722BE3977400AF65F0 /* Sources */ = {
			isa = PBXSourcesBuildPhase;
			buildActionMask = 2147483647;
			files = (
				EBFCE6992BE3AD2A0064E2C1 /* SDWebImageBootcamp.swift in Sources */,
				EBF1655C2BE3D88200683D28 /* ImageLoader.swift in Sources */,
				EB935BCB2BECAA0500A819F7 /* SwiftfulUIBootcamp.swift in Sources */,
				EB7E707A2BE3977400AF65F0 /* SPMsAndSDKsApp.swift in Sources */,
				EBC692712BEBAD6E005570AB /* KeychainSwiftBootcamp.swift in Sources */,
				EBF165632BE3D9DD00683D28 /* ImageLoadingView.swift in Sources */,
				EBF165612BE3D95800683D28 /* KingfisherBootcamp.swift in Sources */,
				EBFCE69B2BE3AF870064E2C1 /* ImagePrefetcher.swift in Sources */,
			);
			runOnlyForDeploymentPostprocessing = 0;
		};
/* End PBXSourcesBuildPhase section */

/* Begin XCBuildConfiguration section */
		EB7E70822BE3977500AF65F0 /* Debug */ = {
			isa = XCBuildConfiguration;
			buildSettings = {
				ALWAYS_SEARCH_USER_PATHS = NO;
				ASSETCATALOG_COMPILER_GENERATE_SWIFT_ASSET_SYMBOL_EXTENSIONS = YES;
				CLANG_ANALYZER_NONNULL = YES;
				CLANG_ANALYZER_NUMBER_OBJECT_CONVERSION = YES_AGGRESSIVE;
				CLANG_CXX_LANGUAGE_STANDARD = "gnu++20";
				CLANG_ENABLE_MODULES = YES;
				CLANG_ENABLE_OBJC_ARC = YES;
				CLANG_ENABLE_OBJC_WEAK = YES;
				CLANG_WARN_BLOCK_CAPTURE_AUTORELEASING = YES;
				CLANG_WARN_BOOL_CONVERSION = YES;
				CLANG_WARN_COMMA = YES;
				CLANG_WARN_CONSTANT_CONVERSION = YES;
				CLANG_WARN_DEPRECATED_OBJC_IMPLEMENTATIONS = YES;
				CLANG_WARN_DIRECT_OBJC_ISA_USAGE = YES_ERROR;
				CLANG_WARN_DOCUMENTATION_COMMENTS = YES;
				CLANG_WARN_EMPTY_BODY = YES;
				CLANG_WARN_ENUM_CONVERSION = YES;
				CLANG_WARN_INFINITE_RECURSION = YES;
				CLANG_WARN_INT_CONVERSION = YES;
				CLANG_WARN_NON_LITERAL_NULL_CONVERSION = YES;
				CLANG_WARN_OBJC_IMPLICIT_RETAIN_SELF = YES;
				CLANG_WARN_OBJC_LITERAL_CONVERSION = YES;
				CLANG_WARN_OBJC_ROOT_CLASS = YES_ERROR;
				CLANG_WARN_QUOTED_INCLUDE_IN_FRAMEWORK_HEADER = YES;
				CLANG_WARN_RANGE_LOOP_ANALYSIS = YES;
				CLANG_WARN_STRICT_PROTOTYPES = YES;
				CLANG_WARN_SUSPICIOUS_MOVE = YES;
				CLANG_WARN_UNGUARDED_AVAILABILITY = YES_AGGRESSIVE;
				CLANG_WARN_UNREACHABLE_CODE = YES;
				CLANG_WARN__DUPLICATE_METHOD_MATCH = YES;
				COPY_PHASE_STRIP = NO;
				DEBUG_INFORMATION_FORMAT = dwarf;
				ENABLE_STRICT_OBJC_MSGSEND = YES;
				ENABLE_TESTABILITY = YES;
				ENABLE_USER_SCRIPT_SANDBOXING = YES;
				GCC_C_LANGUAGE_STANDARD = gnu17;
				GCC_DYNAMIC_NO_PIC = NO;
				GCC_NO_COMMON_BLOCKS = YES;
				GCC_OPTIMIZATION_LEVEL = 0;
				GCC_PREPROCESSOR_DEFINITIONS = (
					"DEBUG=1",
					"$(inherited)",
				);
				GCC_WARN_64_TO_32_BIT_CONVERSION = YES;
				GCC_WARN_ABOUT_RETURN_TYPE = YES_ERROR;
				GCC_WARN_UNDECLARED_SELECTOR = YES;
				GCC_WARN_UNINITIALIZED_AUTOS = YES_AGGRESSIVE;
				GCC_WARN_UNUSED_FUNCTION = YES;
				GCC_WARN_UNUSED_VARIABLE = YES;
				IPHONEOS_DEPLOYMENT_TARGET = 17.4;
				LOCALIZATION_PREFERS_STRING_CATALOGS = YES;
				MTL_ENABLE_DEBUG_INFO = INCLUDE_SOURCE;
				MTL_FAST_MATH = YES;
				ONLY_ACTIVE_ARCH = YES;
				SDKROOT = iphoneos;
				SWIFT_ACTIVE_COMPILATION_CONDITIONS = "DEBUG $(inherited)";
				SWIFT_OPTIMIZATION_LEVEL = "-Onone";
			};
			name = Debug;
		};
		EB7E70832BE3977500AF65F0 /* Release */ = {
			isa = XCBuildConfiguration;
			buildSettings = {
				ALWAYS_SEARCH_USER_PATHS = NO;
				ASSETCATALOG_COMPILER_GENERATE_SWIFT_ASSET_SYMBOL_EXTENSIONS = YES;
				CLANG_ANALYZER_NONNULL = YES;
				CLANG_ANALYZER_NUMBER_OBJECT_CONVERSION = YES_AGGRESSIVE;
				CLANG_CXX_LANGUAGE_STANDARD = "gnu++20";
				CLANG_ENABLE_MODULES = YES;
				CLANG_ENABLE_OBJC_ARC = YES;
				CLANG_ENABLE_OBJC_WEAK = YES;
				CLANG_WARN_BLOCK_CAPTURE_AUTORELEASING = YES;
				CLANG_WARN_BOOL_CONVERSION = YES;
				CLANG_WARN_COMMA = YES;
				CLANG_WARN_CONSTANT_CONVERSION = YES;
				CLANG_WARN_DEPRECATED_OBJC_IMPLEMENTATIONS = YES;
				CLANG_WARN_DIRECT_OBJC_ISA_USAGE = YES_ERROR;
				CLANG_WARN_DOCUMENTATION_COMMENTS = YES;
				CLANG_WARN_EMPTY_BODY = YES;
				CLANG_WARN_ENUM_CONVERSION = YES;
				CLANG_WARN_INFINITE_RECURSION = YES;
				CLANG_WARN_INT_CONVERSION = YES;
				CLANG_WARN_NON_LITERAL_NULL_CONVERSION = YES;
				CLANG_WARN_OBJC_IMPLICIT_RETAIN_SELF = YES;
				CLANG_WARN_OBJC_LITERAL_CONVERSION = YES;
				CLANG_WARN_OBJC_ROOT_CLASS = YES_ERROR;
				CLANG_WARN_QUOTED_INCLUDE_IN_FRAMEWORK_HEADER = YES;
				CLANG_WARN_RANGE_LOOP_ANALYSIS = YES;
				CLANG_WARN_STRICT_PROTOTYPES = YES;
				CLANG_WARN_SUSPICIOUS_MOVE = YES;
				CLANG_WARN_UNGUARDED_AVAILABILITY = YES_AGGRESSIVE;
				CLANG_WARN_UNREACHABLE_CODE = YES;
				CLANG_WARN__DUPLICATE_METHOD_MATCH = YES;
				COPY_PHASE_STRIP = NO;
				DEBUG_INFORMATION_FORMAT = "dwarf-with-dsym";
				ENABLE_NS_ASSERTIONS = NO;
				ENABLE_STRICT_OBJC_MSGSEND = YES;
				ENABLE_USER_SCRIPT_SANDBOXING = YES;
				GCC_C_LANGUAGE_STANDARD = gnu17;
				GCC_NO_COMMON_BLOCKS = YES;
				GCC_WARN_64_TO_32_BIT_CONVERSION = YES;
				GCC_WARN_ABOUT_RETURN_TYPE = YES_ERROR;
				GCC_WARN_UNDECLARED_SELECTOR = YES;
				GCC_WARN_UNINITIALIZED_AUTOS = YES_AGGRESSIVE;
				GCC_WARN_UNUSED_FUNCTION = YES;
				GCC_WARN_UNUSED_VARIABLE = YES;
				IPHONEOS_DEPLOYMENT_TARGET = 17.4;
				LOCALIZATION_PREFERS_STRING_CATALOGS = YES;
				MTL_ENABLE_DEBUG_INFO = NO;
				MTL_FAST_MATH = YES;
				SDKROOT = iphoneos;
				SWIFT_COMPILATION_MODE = wholemodule;
				VALIDATE_PRODUCT = YES;
			};
			name = Release;
		};
		EB7E70852BE3977500AF65F0 /* Debug */ = {
			isa = XCBuildConfiguration;
			buildSettings = {
				ASSETCATALOG_COMPILER_APPICON_NAME = AppIcon;
				ASSETCATALOG_COMPILER_GLOBAL_ACCENT_COLOR_NAME = AccentColor;
				CODE_SIGN_STYLE = Automatic;
				CURRENT_PROJECT_VERSION = 1;
				DEVELOPMENT_ASSET_PATHS = "\"SPMsAndSDKs/Preview Content\"";
				DEVELOPMENT_TEAM = 8VZXPVXH33;
				ENABLE_PREVIEWS = YES;
				GENERATE_INFOPLIST_FILE = YES;
				INFOPLIST_KEY_UIApplicationSceneManifest_Generation = YES;
				INFOPLIST_KEY_UIApplicationSupportsIndirectInputEvents = YES;
				INFOPLIST_KEY_UILaunchScreen_Generation = YES;
				INFOPLIST_KEY_UISupportedInterfaceOrientations_iPad = "UIInterfaceOrientationPortrait UIInterfaceOrientationPortraitUpsideDown UIInterfaceOrientationLandscapeLeft UIInterfaceOrientationLandscapeRight";
				INFOPLIST_KEY_UISupportedInterfaceOrientations_iPhone = "UIInterfaceOrientationPortrait UIInterfaceOrientationLandscapeLeft UIInterfaceOrientationLandscapeRight";
				IPHONEOS_DEPLOYMENT_TARGET = 17.4;
				LD_RUNPATH_SEARCH_PATHS = (
					"$(inherited)",
					"@executable_path/Frameworks",
				);
				MARKETING_VERSION = 1.0;
				PRODUCT_BUNDLE_IDENTIFIER = com.matflow.SPMsAndSDKs;
				PRODUCT_NAME = "$(TARGET_NAME)";
				SWIFT_EMIT_LOC_STRINGS = YES;
				SWIFT_VERSION = 5.0;
				TARGETED_DEVICE_FAMILY = "1,2";
			};
			name = Debug;
		};
		EB7E70862BE3977500AF65F0 /* Release */ = {
			isa = XCBuildConfiguration;
			buildSettings = {
				ASSETCATALOG_COMPILER_APPICON_NAME = AppIcon;
				ASSETCATALOG_COMPILER_GLOBAL_ACCENT_COLOR_NAME = AccentColor;
				CODE_SIGN_STYLE = Automatic;
				CURRENT_PROJECT_VERSION = 1;
				DEVELOPMENT_ASSET_PATHS = "\"SPMsAndSDKs/Preview Content\"";
				DEVELOPMENT_TEAM = 8VZXPVXH33;
				ENABLE_PREVIEWS = YES;
				GENERATE_INFOPLIST_FILE = YES;
				INFOPLIST_KEY_UIApplicationSceneManifest_Generation = YES;
				INFOPLIST_KEY_UIApplicationSupportsIndirectInputEvents = YES;
				INFOPLIST_KEY_UILaunchScreen_Generation = YES;
				INFOPLIST_KEY_UISupportedInterfaceOrientations_iPad = "UIInterfaceOrientationPortrait UIInterfaceOrientationPortraitUpsideDown UIInterfaceOrientationLandscapeLeft UIInterfaceOrientationLandscapeRight";
				INFOPLIST_KEY_UISupportedInterfaceOrientations_iPhone = "UIInterfaceOrientationPortrait UIInterfaceOrientationLandscapeLeft UIInterfaceOrientationLandscapeRight";
				IPHONEOS_DEPLOYMENT_TARGET = 17.4;
				LD_RUNPATH_SEARCH_PATHS = (
					"$(inherited)",
					"@executable_path/Frameworks",
				);
				MARKETING_VERSION = 1.0;
				PRODUCT_BUNDLE_IDENTIFIER = com.matflow.SPMsAndSDKs;
				PRODUCT_NAME = "$(TARGET_NAME)";
				SWIFT_EMIT_LOC_STRINGS = YES;
				SWIFT_VERSION = 5.0;
				TARGETED_DEVICE_FAMILY = "1,2";
			};
			name = Release;
		};
/* End XCBuildConfiguration section */

/* Begin XCConfigurationList section */
		EB7E70712BE3977400AF65F0 /* Build configuration list for PBXProject "SPMsAndSDKs" */ = {
			isa = XCConfigurationList;
			buildConfigurations = (
				EB7E70822BE3977500AF65F0 /* Debug */,
				EB7E70832BE3977500AF65F0 /* Release */,
			);
			defaultConfigurationIsVisible = 0;
			defaultConfigurationName = Release;
		};
		EB7E70842BE3977500AF65F0 /* Build configuration list for PBXNativeTarget "SPMsAndSDKs" */ = {
			isa = XCConfigurationList;
			buildConfigurations = (
				EB7E70852BE3977500AF65F0 /* Debug */,
				EB7E70862BE3977500AF65F0 /* Release */,
			);
			defaultConfigurationIsVisible = 0;
			defaultConfigurationName = Release;
		};
/* End XCConfigurationList section */

/* Begin XCRemoteSwiftPackageReference section */
		EB935BCC2BECAA2200A819F7 /* XCRemoteSwiftPackageReference "SwiftfulUI" */ = {
			isa = XCRemoteSwiftPackageReference;
			repositoryURL = "https://github.com/SwiftfulThinking/SwiftfulUI.git";
			requirement = {
				kind = upToNextMajorVersion;
				minimumVersion = 1.2.0;
			};
		};
		EBC692722BEBB170005570AB /* XCRemoteSwiftPackageReference "keychain-swift" */ = {
			isa = XCRemoteSwiftPackageReference;
			repositoryURL = "https://github.com/evgenyneu/keychain-swift.git";
			requirement = {
				kind = upToNextMajorVersion;
				minimumVersion = 24.0.0;
			};
		};
		EBF1655D2BE3D93200683D28 /* XCRemoteSwiftPackageReference "Kingfisher" */ = {
			isa = XCRemoteSwiftPackageReference;
			repositoryURL = "https://github.com/onevcat/Kingfisher.git";
			requirement = {
				kind = upToNextMajorVersion;
				minimumVersion = 7.11.0;
			};
		};
		EBFCE6922BE39C3E0064E2C1 /* XCRemoteSwiftPackageReference "SDWebImageSwiftUI" */ = {
			isa = XCRemoteSwiftPackageReference;
			repositoryURL = "https://github.com/SDWebImage/SDWebImageSwiftUI.git";
			requirement = {
				kind = upToNextMajorVersion;
				minimumVersion = 3.0.4;
			};
		};
/* End XCRemoteSwiftPackageReference section */

/* Begin XCSwiftPackageProductDependency section */
		EB935BCD2BECAA2200A819F7 /* SwiftfulUI */ = {
			isa = XCSwiftPackageProductDependency;
			package = EB935BCC2BECAA2200A819F7 /* XCRemoteSwiftPackageReference "SwiftfulUI" */;
			productName = SwiftfulUI;
		};
		EBC692732BEBB170005570AB /* KeychainSwift */ = {
			isa = XCSwiftPackageProductDependency;
			package = EBC692722BEBB170005570AB /* XCRemoteSwiftPackageReference "keychain-swift" */;
			productName = KeychainSwift;
		};
		EBF1655E2BE3D93200683D28 /* Kingfisher */ = {
			isa = XCSwiftPackageProductDependency;
			package = EBF1655D2BE3D93200683D28 /* XCRemoteSwiftPackageReference "Kingfisher" */;
			productName = Kingfisher;
		};
		EBFCE6932BE39C3E0064E2C1 /* SDWebImageSwiftUI */ = {
			isa = XCSwiftPackageProductDependency;
			package = EBFCE6922BE39C3E0064E2C1 /* XCRemoteSwiftPackageReference "SDWebImageSwiftUI" */;
			productName = SDWebImageSwiftUI;
		};
/* End XCSwiftPackageProductDependency section */
	};
	rootObject = EB7E706E2BE3977400AF65F0 /* Project object */;
}
