{
  "originHash" : "9058ad8c93d0498025c6e998bde405bf076035a6aafed42ee233329cdbf6c7a6",
  "pins" : [
    {
      "identity" : "kingfisher",
      "kind" : "remoteSourceControl",
      "location" : "https://github.com/onevcat/Kingfisher.git",
      "state" : {
        "revision" : "5b92f029fab2cce44386d28588098b5be0824ef5",
        "version" : "7.11.0"
      }
    },
    {
      "identity" : "sdwebimage",
      "kind" : "remoteSourceControl",
      "location" : "https://github.com/SDWebImage/SDWebImage.git",
      "state" : {
        "revision" : "f6afa0132961d593f07970d84e2d8b588c29ea04",
        "version" : "5.19.1"
      }
    },
    {
      "identity" : "sdwebimageswiftui",
      "kind" : "remoteSourceControl",
      "location" : "https://github.com/SDWebImage/SDWebImageSwiftUI.git",
      "state" : {
        "revision" : "b7af5e6bd9c2987e41730400d1baad13d74a141a",
        "version" : "3.0.4"
      }
    }
  ],
  "version" : 3
}
